
Microsoft Visual Studio Solution File, Format Version 12.00
# Visual Studio Version 16
VisualStudioVersion = 16.0.30907.101
MinimumVisualStudioVersion = 10.0.40219.1
Project("{9A19103F-16F7-4668-BE54-9A1E7A4F7556}") = "Blazor.Survey", "Blazor.Survey\Blazor.Survey.csproj", "{1E1C9605-6673-41E3-8167-83D8C89D6672}"
EndProject
Global
	GlobalSection(SolutionConfigurationPlatforms) = preSolution
		Debug|Any CPU = Debug|Any CPU
		Release|Any CPU = Release|Any CPU
	EndGlobalSection
	GlobalSection(ProjectConfigurationPlatforms) = postSolution
		{1E1C9605-6673-41E3-8167-83D8C89D6672}.Debug|Any CPU.ActiveCfg = Debug|Any CPU
		{1E1C9605-6673-41E3-8167-83D8C89D6672}.Debug|Any CPU.Build.0 = Debug|Any CPU
		{1E1C9605-6673-41E3-8167-83D8C89D6672}.Release|Any CPU.ActiveCfg = Release|Any CPU
		{1E1C9605-6673-41E3-8167-83D8C89D6672}.Release|Any CPU.Build.0 = Release|Any CPU
	EndGlobalSection
	GlobalSection(SolutionProperties) = preSolution
		HideSolutionNode = FALSE
	EndGlobalSection
	GlobalSection(ExtensibilityGlobals) = postSolution
		SolutionGuid = {F6C399FB-0048-49FE-9EDA-A46249906E30}
	EndGlobalSection
EndGlobal
