
Microsoft Visual Studio Solution File, Format Version 12.00
# Visual Studio Version 16
VisualStudioVersion = 16.0.30907.101
MinimumVisualStudioVersion = 10.0.40219.1
Project("{9A19103F-16F7-4668-BE54-9A1E7A4F7556}") = "BlazorLearn", "BlazorLearn\BlazorLearn.csproj", "{30BBE70C-8148-4BEC-AB9D-BF92ACE089AA}"
EndProject
Global
	GlobalSection(SolutionConfigurationPlatforms) = preSolution
		Debug|Any CPU = Debug|Any CPU
		Release|Any CPU = Release|Any CPU
	EndGlobalSection
	GlobalSection(ProjectConfigurationPlatforms) = postSolution
		{30BBE70C-8148-4BEC-AB9D-BF92ACE089AA}.Debug|Any CPU.ActiveCfg = Debug|Any CPU
		{30BBE70C-8148-4BEC-AB9D-BF92ACE089AA}.Debug|Any CPU.Build.0 = Debug|Any CPU
		{30BBE70C-8148-4BEC-AB9D-BF92ACE089AA}.Release|Any CPU.ActiveCfg = Release|Any CPU
		{30BBE70C-8148-4BEC-AB9D-BF92ACE089AA}.Release|Any CPU.Build.0 = Release|Any CPU
	EndGlobalSection
	GlobalSection(SolutionProperties) = preSolution
		HideSolutionNode = FALSE
	EndGlobalSection
	GlobalSection(ExtensibilityGlobals) = postSolution
		SolutionGuid = {F6C399FB-0048-49FE-9EDA-A46249906E30}
	EndGlobalSection
EndGlobal
